
Microsoft Visual Studio Solution File, Format Version 12.00
# Visual Studio Version 17
VisualStudioVersion = 17.4.33205.214
MinimumVisualStudioVersion = 10.0.40219.1
Project("{9A19103F-16F7-4668-BE54-9A1E7A4F7556}") = "Presentation.Api", "Presentation.Api\Presentation.Api.csproj", "{A40C0A9E-0349-4560-916E-AE1803FFF6A4}"
EndProject
Project("{9A19103F-16F7-4668-BE54-9A1E7A4F7556}") = "Presentation.Domain", "Presentation.Domain\Presentation.Domain.csproj", "{61BD7EAD-1E18-4546-A152-D7E5F6B62F5D}"
EndProject
Project("{9A19103F-16F7-4668-BE54-9A1E7A4F7556}") = "Presentation.Application", "Presentation.Application\Presentation.Application.csproj", "{C830FFB4-0288-406F-ACD7-A5C668105A8A}"
EndProject
Project("{9A19103F-16F7-4668-BE54-9A1E7A4F7556}") = "Presentation.Infra.Data", "Presentation.Infra.Data\Presentation.Infra.Data.csproj", "{3BEE7BA7-2DF2-4152-A24D-6EBC5A907B64}"
EndProject
Project("{9A19103F-16F7-4668-BE54-9A1E7A4F7556}") = "Presentation.Infra.IoC", "Presentation.Infra.IoC\Presentation.Infra.IoC.csproj", "{EAEE77C4-C680-405A-BBE0-88BFDFBD8A63}"
EndProject
Project("{FAE04EC0-301F-11D3-BF4B-00C04F79EFBC}") = "Presentation.Domain.Tests", "Presentation.Domain.Tests\Presentation.Domain.Tests.csproj", "{A97192B4-CAD8-456A-808E-E44E002E313D}"
EndProject
Global
	GlobalSection(SolutionConfigurationPlatforms) = preSolution
		Debug|Any CPU = Debug|Any CPU
		Release|Any CPU = Release|Any CPU
	EndGlobalSection
	GlobalSection(ProjectConfigurationPlatforms) = postSolution
		{A40C0A9E-0349-4560-916E-AE1803FFF6A4}.Debug|Any CPU.ActiveCfg = Debug|Any CPU
		{A40C0A9E-0349-4560-916E-AE1803FFF6A4}.Debug|Any CPU.Build.0 = Debug|Any CPU
		{A40C0A9E-0349-4560-916E-AE1803FFF6A4}.Release|Any CPU.ActiveCfg = Release|Any CPU
		{A40C0A9E-0349-4560-916E-AE1803FFF6A4}.Release|Any CPU.Build.0 = Release|Any CPU
		{61BD7EAD-1E18-4546-A152-D7E5F6B62F5D}.Debug|Any CPU.ActiveCfg = Debug|Any CPU
		{61BD7EAD-1E18-4546-A152-D7E5F6B62F5D}.Debug|Any CPU.Build.0 = Debug|Any CPU
		{61BD7EAD-1E18-4546-A152-D7E5F6B62F5D}.Release|Any CPU.ActiveCfg = Release|Any CPU
		{61BD7EAD-1E18-4546-A152-D7E5F6B62F5D}.Release|Any CPU.Build.0 = Release|Any CPU
		{C830FFB4-0288-406F-ACD7-A5C668105A8A}.Debug|Any CPU.ActiveCfg = Debug|Any CPU
		{C830FFB4-0288-406F-ACD7-A5C668105A8A}.Debug|Any CPU.Build.0 = Debug|Any CPU
		{C830FFB4-0288-406F-ACD7-A5C668105A8A}.Release|Any CPU.ActiveCfg = Release|Any CPU
		{C830FFB4-0288-406F-ACD7-A5C668105A8A}.Release|Any CPU.Build.0 = Release|Any CPU
		{3BEE7BA7-2DF2-4152-A24D-6EBC5A907B64}.Debug|Any CPU.ActiveCfg = Debug|Any CPU
		{3BEE7BA7-2DF2-4152-A24D-6EBC5A907B64}.Debug|Any CPU.Build.0 = Debug|Any CPU
		{3BEE7BA7-2DF2-4152-A24D-6EBC5A907B64}.Release|Any CPU.ActiveCfg = Release|Any CPU
		{3BEE7BA7-2DF2-4152-A24D-6EBC5A907B64}.Release|Any CPU.Build.0 = Release|Any CPU
		{EAEE77C4-C680-405A-BBE0-88BFDFBD8A63}.Debug|Any CPU.ActiveCfg = Debug|Any CPU
		{EAEE77C4-C680-405A-BBE0-88BFDFBD8A63}.Debug|Any CPU.Build.0 = Debug|Any CPU
		{EAEE77C4-C680-405A-BBE0-88BFDFBD8A63}.Release|Any CPU.ActiveCfg = Release|Any CPU
		{EAEE77C4-C680-405A-BBE0-88BFDFBD8A63}.Release|Any CPU.Build.0 = Release|Any CPU
		{A97192B4-CAD8-456A-808E-E44E002E313D}.Debug|Any CPU.ActiveCfg = Debug|Any CPU
		{A97192B4-CAD8-456A-808E-E44E002E313D}.Debug|Any CPU.Build.0 = Debug|Any CPU
		{A97192B4-CAD8-456A-808E-E44E002E313D}.Release|Any CPU.ActiveCfg = Release|Any CPU
		{A97192B4-CAD8-456A-808E-E44E002E313D}.Release|Any CPU.Build.0 = Release|Any CPU
	EndGlobalSection
	GlobalSection(SolutionProperties) = preSolution
		HideSolutionNode = FALSE
	EndGlobalSection
	GlobalSection(ExtensibilityGlobals) = postSolution
		SolutionGuid = {061B0686-B675-4367-98B8-5097E3BD1267}
	EndGlobalSection
EndGlobal
